
Microsoft Visual Studio Solution File, Format Version 12.00
# Visual Studio 15
VisualStudioVersion = 15.0.28307.705
MinimumVisualStudioVersion = 10.0.40219.1
Project("{9A19103F-16F7-4668-BE54-9A1E7A4F7556}") = "Xceedance.CATOne.Mailing", "Xceedance.CATOne.Mailing\Xceedance.CATOne.Mailing.csproj", "{7FFD99B6-65CF-4D39-AA1C-77CC186F8805}"
EndProject
Global
	GlobalSection(SolutionConfigurationPlatforms) = preSolution
		Debug|Any CPU = Debug|Any CPU
		Release|Any CPU = Release|Any CPU
	EndGlobalSection
	GlobalSection(ProjectConfigurationPlatforms) = postSolution
		{7FFD99B6-65CF-4D39-AA1C-77CC186F8805}.Debug|Any CPU.ActiveCfg = Debug|Any CPU
		{7FFD99B6-65CF-4D39-AA1C-77CC186F8805}.Debug|Any CPU.Build.0 = Debug|Any CPU
		{7FFD99B6-65CF-4D39-AA1C-77CC186F8805}.Release|Any CPU.ActiveCfg = Release|Any CPU
		{7FFD99B6-65CF-4D39-AA1C-77CC186F8805}.Release|Any CPU.Build.0 = Release|Any CPU
	EndGlobalSection
	GlobalSection(SolutionProperties) = preSolution
		HideSolutionNode = FALSE
	EndGlobalSection
	GlobalSection(ExtensibilityGlobals) = postSolution
		SolutionGuid = {382259F8-4B6A-4BC6-9AAD-AD85A3ADB8F6}
	EndGlobalSection
	GlobalSection(TeamFoundationVersionControl) = preSolution
		SccNumberOfProjects = 2
		SccEnterpriseProvider = {4CA58AB2-18FA-4F8D-95D4-32DDF27D184C}
		SccTeamFoundationServer = https://catnex-xceedance.visualstudio.com/
		SccLocalPath0 = .
		SccProjectUniqueName1 = Xceedance.CATOne.Mailing\\Xceedance.CATOne.Mailing.csproj
		SccProjectName1 = Xceedance.CATOne.Mailing
		SccLocalPath1 = Xceedance.CATOne.Mailing
	EndGlobalSection
EndGlobal
